
Microsoft Visual Studio Solution File, Format Version 12.00
# Visual Studio Version 17
VisualStudioVersion = 17.8.34316.72
MinimumVisualStudioVersion = 10.0.40219.1
Project("{FAE04EC0-301F-11D3-BF4B-00C04F79EFBC}") = "KingPrice_API", "KingPrice_API.csproj", "{1B7F43AD-FF8C-4C37-A0EA-744CE2B38949}"
EndProject
Project("{FAE04EC0-301F-11D3-BF4B-00C04F79EFBC}") = "KingPrice_UnitTest", "..\KingPrice_UnitTest\KingPrice_UnitTest.csproj", "{D715E319-DC21-4327-A0CD-29C98A57CF70}"
EndProject
Global
	GlobalSection(SolutionConfigurationPlatforms) = preSolution
		Debug|Any CPU = Debug|Any CPU
		Release|Any CPU = Release|Any CPU
	EndGlobalSection
	GlobalSection(ProjectConfigurationPlatforms) = postSolution
		{1B7F43AD-FF8C-4C37-A0EA-744CE2B38949}.Debug|Any CPU.ActiveCfg = Debug|Any CPU
		{1B7F43AD-FF8C-4C37-A0EA-744CE2B38949}.Debug|Any CPU.Build.0 = Debug|Any CPU
		{1B7F43AD-FF8C-4C37-A0EA-744CE2B38949}.Release|Any CPU.ActiveCfg = Release|Any CPU
		{1B7F43AD-FF8C-4C37-A0EA-744CE2B38949}.Release|Any CPU.Build.0 = Release|Any CPU
		{D715E319-DC21-4327-A0CD-29C98A57CF70}.Debug|Any CPU.ActiveCfg = Debug|Any CPU
		{D715E319-DC21-4327-A0CD-29C98A57CF70}.Debug|Any CPU.Build.0 = Debug|Any CPU
		{D715E319-DC21-4327-A0CD-29C98A57CF70}.Release|Any CPU.ActiveCfg = Release|Any CPU
		{D715E319-DC21-4327-A0CD-29C98A57CF70}.Release|Any CPU.Build.0 = Release|Any CPU
	EndGlobalSection
	GlobalSection(SolutionProperties) = preSolution
		HideSolutionNode = FALSE
	EndGlobalSection
	GlobalSection(ExtensibilityGlobals) = postSolution
		SolutionGuid = {8AE5A10C-3896-431C-B1A7-EE213E29CB6C}
	EndGlobalSection
EndGlobal
